# This file is generated by running "yarn install" inside your project.
# Manual changes might be lost - proceed with caution!

__metadata:
  version: 6
  cacheKey: 8

"dot@npm:^1.1.3":
  version: 1.1.3
  resolution: "dot@npm:1.1.3"
  bin:
    dottojs: ./bin/dot-packer
  checksum: 9a2ecf7b5ff8c5121481702e9fdc7eb802ebf5b9e318a73631f70cb9484c7bb6973322912c173f5fa52d1f9408eaef4d6468e9ef8af3899664f4d42091f5f868
  languageName: node
  linkType: hard

"jquery.cookie@npm:^1.4.1":
  version: 1.4.1
  resolution: "jquery.cookie@npm:1.4.1"
  checksum: bcb1335f47ef5c19613b45de7e53a0df90f36b9c23a4cd37ef0d81e4ca7f0da72197ad3c347bc24037f110e9b2e4dbe708b3a3f27046f599e108a2d63859655c
  languageName: node
  linkType: hard

"jquery@npm:^1.12.4":
  version: 1.12.4
  resolution: "jquery@npm:1.12.4"
  checksum: 17641485debde58d8da6fef707487a75dc2999f272576b8dc0addc352ac7db090bb1706e235299304f95313122f964c78b10dc5a51929f881b080420864979a1
  languageName: node
  linkType: hard

"normalize.css@npm:^7.0.0":
  version: 7.0.0
  resolution: "normalize.css@npm:7.0.0"
  checksum: 8023436d5f6113fa0989c639addc3056c8c42c3074d00ed035e3b45ce6e25e0fc55171c3606efa1a77e144a96ee44fb4d705e0067d6051b7761dd5fe13fde481
  languageName: node
  linkType: hard

"seblucas-cops@workspace:.":
  version: 0.0.0-use.local
  resolution: "seblucas-cops@workspace:."
  dependencies:
    dot: ^1.1.3
    jquery: ^1.12.4
    jquery.cookie: ^1.4.1
    normalize.css: ^7.0.0
  languageName: unknown
  linkType: soft
